// !$*UTF8*$!
{
	archiveVersion = 1;
	classes = {
	};
	objectVersion = 46;
	objects = {

/* Begin PBXBuildFile section */
		F40E68261EF372C70089C925 /* Snru_3.png in Resources */ = {isa = PBXBuildFile; fileRef = F40E68251EF372C70089C925 /* Snru_3.png */; };
		F40E68281EF374880089C925 /* SNRUcar-booking-logo1-m.png in Resources */ = {isa = PBXBuildFile; fileRef = F40E68271EF374880089C925 /* SNRUcar-booking-logo1-m.png */; };
		F40E682A1EF3754D0089C925 /* it-maintenance.png in Resources */ = {isa = PBXBuildFile; fileRef = F40E68291EF3754D0089C925 /* it-maintenance.png */; };
		F46679461EF25CFA000EF804 /* AppDelegate.swift in Sources */ = {isa = PBXBuildFile; fileRef = F46679451EF25CFA000EF804 /* AppDelegate.swift */; };
		F46679481EF25CFA000EF804 /* ViewController.swift in Sources */ = {isa = PBXBuildFile; fileRef = F46679471EF25CFA000EF804 /* ViewController.swift */; };
		F466794B1EF25CFA000EF804 /* Main.storyboard in Resources */ = {isa = PBXBuildFile; fileRef = F46679491EF25CFA000EF804 /* Main.storyboard */; };
		F466794D1EF25CFA000EF804 /* Assets.xcassets in Resources */ = {isa = PBXBuildFile; fileRef = F466794C1EF25CFA000EF804 /* Assets.xcassets */; };
		F46679501EF25CFA000EF804 /* LaunchScreen.storyboard in Resources */ = {isa = PBXBuildFile; fileRef = F466794E1EF25CFA000EF804 /* LaunchScreen.storyboard */; };
		F46679581EF27DFD000EF804 /* AddnewuserViewController.swift in Sources */ = {isa = PBXBuildFile; fileRef = F46679571EF27DFD000EF804 /* AddnewuserViewController.swift */; };
		F466795A1EF281C4000EF804 /* SNRU_2.jpg in Resources */ = {isa = PBXBuildFile; fileRef = F46679591EF281C4000EF804 /* SNRU_2.jpg */; };
		F466795C1EF285A7000EF804 /* BGSNRU.jpg in Resources */ = {isa = PBXBuildFile; fileRef = F466795B1EF285A7000EF804 /* BGSNRU.jpg */; };
		F466795E1EF28633000EF804 /* ic_add_box.png in Resources */ = {isa = PBXBuildFile; fileRef = F466795D1EF28633000EF804 /* ic_add_box.png */; };
		F46679601EF2877B000EF804 /* iphon6bg.png in Resources */ = {isa = PBXBuildFile; fileRef = F466795F1EF2877B000EF804 /* iphon6bg.png */; };
		F46679621EF28887000EF804 /* bbb.jpg in Resources */ = {isa = PBXBuildFile; fileRef = F46679611EF28887000EF804 /* bbb.jpg */; };
/* End PBXBuildFile section */

/* Begin PBXFileReference section */
		F40E68251EF372C70089C925 /* Snru_3.png */ = {isa = PBXFileReference; lastKnownFileType = image.png; name = Snru_3.png; path = ../../../../Desktop/Snru_3.png; sourceTree = "<group>"; };
		F40E68271EF374880089C925 /* SNRUcar-booking-logo1-m.png */ = {isa = PBXFileReference; lastKnownFileType = image.png; name = "SNRUcar-booking-logo1-m.png"; path = "../../../../Desktop/SNRUcar-booking-logo1-m.png"; sourceTree = "<group>"; };
		F40E68291EF3754D0089C925 /* it-maintenance.png */ = {isa = PBXFileReference; lastKnownFileType = image.png; name = "it-maintenance.png"; path = "../../../../Desktop/it-maintenance.png"; sourceTree = "<group>"; };
		F46679421EF25CFA000EF804 /* My Service.app */ = {isa = PBXFileReference; explicitFileType = wrapper.application; includeInIndex = 0; path = "My Service.app"; sourceTree = BUILT_PRODUCTS_DIR; };
		F46679451EF25CFA000EF804 /* AppDelegate.swift */ = {isa = PBXFileReference; lastKnownFileType = sourcecode.swift; path = AppDelegate.swift; sourceTree = "<group>"; };
		F46679471EF25CFA000EF804 /* ViewController.swift */ = {isa = PBXFileReference; lastKnownFileType = sourcecode.swift; path = ViewController.swift; sourceTree = "<group>"; };
		F466794A1EF25CFA000EF804 /* Base */ = {isa = PBXFileReference; lastKnownFileType = file.storyboard; name = Base; path = Base.lproj/Main.storyboard; sourceTree = "<group>"; };
		F466794C1EF25CFA000EF804 /* Assets.xcassets */ = {isa = PBXFileReference; lastKnownFileType = folder.assetcatalog; path = Assets.xcassets; sourceTree = "<group>"; };
		F466794F1EF25CFA000EF804 /* Base */ = {isa = PBXFileReference; lastKnownFileType = file.storyboard; name = Base; path = Base.lproj/LaunchScreen.storyboard; sourceTree = "<group>"; };
		F46679511EF25CFA000EF804 /* Info.plist */ = {isa = PBXFileReference; lastKnownFileType = text.plist.xml; path = Info.plist; sourceTree = "<group>"; };
		F46679571EF27DFD000EF804 /* AddnewuserViewController.swift */ = {isa = PBXFileReference; fileEncoding = 4; lastKnownFileType = sourcecode.swift; path = AddnewuserViewController.swift; sourceTree = "<group>"; };
		F46679591EF281C4000EF804 /* SNRU_2.jpg */ = {isa = PBXFileReference; lastKnownFileType = image.jpeg; name = SNRU_2.jpg; path = ../../../../Desktop/SNRU_2.jpg; sourceTree = "<group>"; };
		F466795B1EF285A7000EF804 /* BGSNRU.jpg */ = {isa = PBXFileReference; lastKnownFileType = image.jpeg; name = BGSNRU.jpg; path = ../../../../Desktop/BGSNRU.jpg; sourceTree = "<group>"; };
		F466795D1EF28633000EF804 /* ic_add_box.png */ = {isa = PBXFileReference; lastKnownFileType = image.png; name = ic_add_box.png; path = ../../../../Desktop/ic_add_box.png; sourceTree = "<group>"; };
		F466795F1EF2877B000EF804 /* iphon6bg.png */ = {isa = PBXFileReference; lastKnownFileType = image.png; name = iphon6bg.png; path = ../../../../Desktop/iphon6bg.png; sourceTree = "<group>"; };
		F46679611EF28887000EF804 /* bbb.jpg */ = {isa = PBXFileReference; lastKnownFileType = image.jpeg; name = bbb.jpg; path = ../../../../Desktop/bbb.jpg; sourceTree = "<group>"; };
/* End PBXFileReference section */

/* Begin PBXFrameworksBuildPhase section */
		F466793F1EF25CFA000EF804 /* Frameworks */ = {
			isa = PBXFrameworksBuildPhase;
			buildActionMask = 2147483647;
			files = (
			);
			runOnlyForDeploymentPostprocessing = 0;
		};
/* End PBXFrameworksBuildPhase section */

/* Begin PBXGroup section */
		F46679391EF25CFA000EF804 = {
			isa = PBXGroup;
			children = (
				F46679441EF25CFA000EF804 /* My Service */,
				F46679431EF25CFA000EF804 /* Products */,
			);
			sourceTree = "<group>";
		};
		F46679431EF25CFA000EF804 /* Products */ = {
			isa = PBXGroup;
			children = (
				F46679421EF25CFA000EF804 /* My Service.app */,
			);
			name = Products;
			sourceTree = "<group>";
		};
		F46679441EF25CFA000EF804 /* My Service */ = {
			isa = PBXGroup;
			children = (
				F40E68291EF3754D0089C925 /* it-maintenance.png */,
				F40E68271EF374880089C925 /* SNRUcar-booking-logo1-m.png */,
				F40E68251EF372C70089C925 /* Snru_3.png */,
				F46679611EF28887000EF804 /* bbb.jpg */,
				F466795F1EF2877B000EF804 /* iphon6bg.png */,
				F466795D1EF28633000EF804 /* ic_add_box.png */,
				F466795B1EF285A7000EF804 /* BGSNRU.jpg */,
				F46679591EF281C4000EF804 /* SNRU_2.jpg */,
				F46679451EF25CFA000EF804 /* AppDelegate.swift */,
				F46679471EF25CFA000EF804 /* ViewController.swift */,
				F46679491EF25CFA000EF804 /* Main.storyboard */,
				F46679571EF27DFD000EF804 /* AddnewuserViewController.swift */,
				F466794C1EF25CFA000EF804 /* Assets.xcassets */,
				F466794E1EF25CFA000EF804 /* LaunchScreen.storyboard */,
				F46679511EF25CFA000EF804 /* Info.plist */,
			);
			path = "My Service";
			sourceTree = "<group>";
		};
/* End PBXGroup section */

/* Begin PBXNativeTarget section */
		F46679411EF25CFA000EF804 /* My Service */ = {
			isa = PBXNativeTarget;
			buildConfigurationList = F46679541EF25CFA000EF804 /* Build configuration list for PBXNativeTarget "My Service" */;
			buildPhases = (
				F466793E1EF25CFA000EF804 /* Sources */,
				F466793F1EF25CFA000EF804 /* Frameworks */,
				F46679401EF25CFA000EF804 /* Resources */,
			);
			buildRules = (
			);
			dependencies = (
			);
			name = "My Service";
			productName = "My Service";
			productReference = F46679421EF25CFA000EF804 /* My Service.app */;
			productType = "com.apple.product-type.application";
		};
/* End PBXNativeTarget section */

/* Begin PBXProject section */
		F466793A1EF25CFA000EF804 /* Project object */ = {
			isa = PBXProject;
			attributes = {
				LastSwiftUpdateCheck = 0830;
				LastUpgradeCheck = 0830;
				ORGANIZATIONNAME = SNRU;
				TargetAttributes = {
					F46679411EF25CFA000EF804 = {
						CreatedOnToolsVersion = 8.3.3;
						ProvisioningStyle = Automatic;
					};
				};
			};
			buildConfigurationList = F466793D1EF25CFA000EF804 /* Build configuration list for PBXProject "My Service" */;
			compatibilityVersion = "Xcode 3.2";
			developmentRegion = English;
			hasScannedForEncodings = 0;
			knownRegions = (
				en,
				Base,
			);
			mainGroup = F46679391EF25CFA000EF804;
			productRefGroup = F46679431EF25CFA000EF804 /* Products */;
			projectDirPath = "";
			projectRoot = "";
			targets = (
				F46679411EF25CFA000EF804 /* My Service */,
			);
		};
/* End PBXProject section */

/* Begin PBXResourcesBuildPhase section */
		F46679401EF25CFA000EF804 /* Resources */ = {
			isa = PBXResourcesBuildPhase;
			buildActionMask = 2147483647;
			files = (
				F46679501EF25CFA000EF804 /* LaunchScreen.storyboard in Resources */,
				F466794D1EF25CFA000EF804 /* Assets.xcassets in Resources */,
				F466795A1EF281C4000EF804 /* SNRU_2.jpg in Resources */,
				F466795E1EF28633000EF804 /* ic_add_box.png in Resources */,
				F40E68261EF372C70089C925 /* Snru_3.png in Resources */,
				F46679621EF28887000EF804 /* bbb.jpg in Resources */,
				F466794B1EF25CFA000EF804 /* Main.storyboard in Resources */,
				F40E682A1EF3754D0089C925 /* it-maintenance.png in Resources */,
				F40E68281EF374880089C925 /* SNRUcar-booking-logo1-m.png in Resources */,
				F46679601EF2877B000EF804 /* iphon6bg.png in Resources */,
				F466795C1EF285A7000EF804 /* BGSNRU.jpg in Resources */,
			);
			runOnlyForDeploymentPostprocessing = 0;
		};
/* End PBXResourcesBuildPhase section */

/* Begin PBXSourcesBuildPhase section */
		F466793E1EF25CFA000EF804 /* Sources */ = {
			isa = PBXSourcesBuildPhase;
			buildActionMask = 2147483647;
			files = (
				F46679581EF27DFD000EF804 /* AddnewuserViewController.swift in Sources */,
				F46679481EF25CFA000EF804 /* ViewController.swift in Sources */,
				F46679461EF25CFA000EF804 /* AppDelegate.swift in Sources */,
			);
			runOnlyForDeploymentPostprocessing = 0;
		};
/* End PBXSourcesBuildPhase section */

/* Begin PBXVariantGroup section */
		F46679491EF25CFA000EF804 /* Main.storyboard */ = {
			isa = PBXVariantGroup;
			children = (
				F466794A1EF25CFA000EF804 /* Base */,
			);
			name = Main.storyboard;
			sourceTree = "<group>";
		};
		F466794E1EF25CFA000EF804 /* LaunchScreen.storyboard */ = {
			isa = PBXVariantGroup;
			children = (
				F466794F1EF25CFA000EF804 /* Base */,
			);
			name = LaunchScreen.storyboard;
			sourceTree = "<group>";
		};
/* End PBXVariantGroup section */

/* Begin XCBuildConfiguration section */
		F46679521EF25CFA000EF804 /* Debug */ = {
			isa = XCBuildConfiguration;
			buildSettings = {
				ALWAYS_SEARCH_USER_PATHS = NO;
				CLANG_ANALYZER_NONNULL = YES;
				CLANG_ANALYZER_NUMBER_OBJECT_CONVERSION = YES_AGGRESSIVE;
				CLANG_CXX_LANGUAGE_STANDARD = "gnu++0x";
				CLANG_CXX_LIBRARY = "libc++";
				CLANG_ENABLE_MODULES = YES;
				CLANG_ENABLE_OBJC_ARC = YES;
				CLANG_WARN_BOOL_CONVERSION = YES;
				CLANG_WARN_CONSTANT_CONVERSION = YES;
				CLANG_WARN_DIRECT_OBJC_ISA_USAGE = YES_ERROR;
				CLANG_WARN_DOCUMENTATION_COMMENTS = YES;
				CLANG_WARN_EMPTY_BODY = YES;
				CLANG_WARN_ENUM_CONVERSION = YES;
				CLANG_WARN_INFINITE_RECURSION = YES;
				CLANG_WARN_INT_CONVERSION = YES;
				CLANG_WARN_OBJC_ROOT_CLASS = YES_ERROR;
				CLANG_WARN_SUSPICIOUS_MOVE = YES;
				CLANG_WARN_UNREACHABLE_CODE = YES;
				CLANG_WARN__DUPLICATE_METHOD_MATCH = YES;
				"CODE_SIGN_IDENTITY[sdk=iphoneos*]" = "iPhone Developer";
				COPY_PHASE_STRIP = NO;
				DEBUG_INFORMATION_FORMAT = dwarf;
				ENABLE_STRICT_OBJC_MSGSEND = YES;
				ENABLE_TESTABILITY = YES;
				GCC_C_LANGUAGE_STANDARD = gnu99;
				GCC_DYNAMIC_NO_PIC = NO;
				GCC_NO_COMMON_BLOCKS = YES;
				GCC_OPTIMIZATION_LEVEL = 0;
				GCC_PREPROCESSOR_DEFINITIONS = (
					"DEBUG=1",
					"$(inherited)",
				);
				GCC_WARN_64_TO_32_BIT_CONVERSION = YES;
				GCC_WARN_ABOUT_RETURN_TYPE = YES_ERROR;
				GCC_WARN_UNDECLARED_SELECTOR = YES;
				GCC_WARN_UNINITIALIZED_AUTOS = YES_AGGRESSIVE;
				GCC_WARN_UNUSED_FUNCTION = YES;
				GCC_WARN_UNUSED_VARIABLE = YES;
				IPHONEOS_DEPLOYMENT_TARGET = 10.3;
				MTL_ENABLE_DEBUG_INFO = YES;
				ONLY_ACTIVE_ARCH = YES;
				SDKROOT = iphoneos;
				SWIFT_ACTIVE_COMPILATION_CONDITIONS = DEBUG;
				SWIFT_OPTIMIZATION_LEVEL = "-Onone";
				TARGETED_DEVICE_FAMILY = "1,2";
			};
			name = Debug;
		};
		F46679531EF25CFA000EF804 /* Release */ = {
			isa = XCBuildConfiguration;
			buildSettings = {
				ALWAYS_SEARCH_USER_PATHS = NO;
				CLANG_ANALYZER_NONNULL = YES;
				CLANG_ANALYZER_NUMBER_OBJECT_CONVERSION = YES_AGGRESSIVE;
				CLANG_CXX_LANGUAGE_STANDARD = "gnu++0x";
				CLANG_CXX_LIBRARY = "libc++";
				CLANG_ENABLE_MODULES = YES;
				CLANG_ENABLE_OBJC_ARC = YES;
				CLANG_WARN_BOOL_CONVERSION = YES;
				CLANG_WARN_CONSTANT_CONVERSION = YES;
				CLANG_WARN_DIRECT_OBJC_ISA_USAGE = YES_ERROR;
				CLANG_WARN_DOCUMENTATION_COMMENTS = YES;
				CLANG_WARN_EMPTY_BODY = YES;
				CLANG_WARN_ENUM_CONVERSION = YES;
				CLANG_WARN_INFINITE_RECURSION = YES;
				CLANG_WARN_INT_CONVERSION = YES;
				CLANG_WARN_OBJC_ROOT_CLASS = YES_ERROR;
				CLANG_WARN_SUSPICIOUS_MOVE = YES;
				CLANG_WARN_UNREACHABLE_CODE = YES;
				CLANG_WARN__DUPLICATE_METHOD_MATCH = YES;
				"CODE_SIGN_IDENTITY[sdk=iphoneos*]" = "iPhone Developer";
				COPY_PHASE_STRIP = NO;
				DEBUG_INFORMATION_FORMAT = "dwarf-with-dsym";
				ENABLE_NS_ASSERTIONS = NO;
				ENABLE_STRICT_OBJC_MSGSEND = YES;
				GCC_C_LANGUAGE_STANDARD = gnu99;
				GCC_NO_COMMON_BLOCKS = YES;
				GCC_WARN_64_TO_32_BIT_CONVERSION = YES;
				GCC_WARN_ABOUT_RETURN_TYPE = YES_ERROR;
				GCC_WARN_UNDECLARED_SELECTOR = YES;
				GCC_WARN_UNINITIALIZED_AUTOS = YES_AGGRESSIVE;
				GCC_WARN_UNUSED_FUNCTION = YES;
				GCC_WARN_UNUSED_VARIABLE = YES;
				IPHONEOS_DEPLOYMENT_TARGET = 10.3;
				MTL_ENABLE_DEBUG_INFO = NO;
				SDKROOT = iphoneos;
				SWIFT_OPTIMIZATION_LEVEL = "-Owholemodule";
				TARGETED_DEVICE_FAMILY = "1,2";
				VALIDATE_PRODUCT = YES;
			};
			name = Release;
		};
		F46679551EF25CFA000EF804 /* Debug */ = {
			isa = XCBuildConfiguration;
			buildSettings = {
				ASSETCATALOG_COMPILER_APPICON_NAME = AppIcon;
				INFOPLIST_FILE = "My Service/Info.plist";
				LD_RUNPATH_SEARCH_PATHS = "$(inherited) @executable_path/Frameworks";
				PRODUCT_BUNDLE_IDENTIFIER = "DEKIT.weerapat.My-Service";
				PRODUCT_NAME = "$(TARGET_NAME)";
				SWIFT_VERSION = 3.0;
			};
			name = Debug;
		};
		F46679561EF25CFA000EF804 /* Release */ = {
			isa = XCBuildConfiguration;
			buildSettings = {
				ASSETCATALOG_COMPILER_APPICON_NAME = AppIcon;
				INFOPLIST_FILE = "My Service/Info.plist";
				LD_RUNPATH_SEARCH_PATHS = "$(inherited) @executable_path/Frameworks";
				PRODUCT_BUNDLE_IDENTIFIER = "DEKIT.weerapat.My-Service";
				PRODUCT_NAME = "$(TARGET_NAME)";
				SWIFT_VERSION = 3.0;
			};
			name = Release;
		};
/* End XCBuildConfiguration section */

/* Begin XCConfigurationList section */
		F466793D1EF25CFA000EF804 /* Build configuration list for PBXProject "My Service" */ = {
			isa = XCConfigurationList;
			buildConfigurations = (
				F46679521EF25CFA000EF804 /* Debug */,
				F46679531EF25CFA000EF804 /* Release */,
			);
			defaultConfigurationIsVisible = 0;
			defaultConfigurationName = Release;
		};
		F46679541EF25CFA000EF804 /* Build configuration list for PBXNativeTarget "My Service" */ = {
			isa = XCConfigurationList;
			buildConfigurations = (
				F46679551EF25CFA000EF804 /* Debug */,
				F46679561EF25CFA000EF804 /* Release */,
			);
			defaultConfigurationIsVisible = 0;
			defaultConfigurationName = Release;
		};
/* End XCConfigurationList section */
	};
	rootObject = F466793A1EF25CFA000EF804 /* Project object */;
}
